
Microsoft Visual Studio Solution File, Format Version 12.00
Project("{FAE04EC0-301F-11D3-BF4B-00C04F79EFBC}") = "LgConnectWs", "LgConnectWs\LgConnectWs.csproj", "{D8D1F13C-803E-4120-B1F9-B2ABA04D6944}"
EndProject
Project("{FAE04EC0-301F-11D3-BF4B-00C04F79EFBC}") = "LgConnectWs.Test", "LgConnectWs.Test\LgConnectWs.Test.csproj", "{59E0EA7A-0C2F-4B53-9447-20E83607F0A4}"
EndProject
Global
	GlobalSection(SolutionConfigurationPlatforms) = preSolution
		Debug|Any CPU = Debug|Any CPU
		Release|Any CPU = Release|Any CPU
	EndGlobalSection
	GlobalSection(ProjectConfigurationPlatforms) = postSolution
		{D8D1F13C-803E-4120-B1F9-B2ABA04D6944}.Debug|Any CPU.ActiveCfg = Debug|Any CPU
		{D8D1F13C-803E-4120-B1F9-B2ABA04D6944}.Debug|Any CPU.Build.0 = Debug|Any CPU
		{D8D1F13C-803E-4120-B1F9-B2ABA04D6944}.Release|Any CPU.ActiveCfg = Release|Any CPU
		{D8D1F13C-803E-4120-B1F9-B2ABA04D6944}.Release|Any CPU.Build.0 = Release|Any CPU
		{59E0EA7A-0C2F-4B53-9447-20E83607F0A4}.Debug|Any CPU.ActiveCfg = Debug|Any CPU
		{59E0EA7A-0C2F-4B53-9447-20E83607F0A4}.Debug|Any CPU.Build.0 = Debug|Any CPU
		{59E0EA7A-0C2F-4B53-9447-20E83607F0A4}.Release|Any CPU.ActiveCfg = Release|Any CPU
		{59E0EA7A-0C2F-4B53-9447-20E83607F0A4}.Release|Any CPU.Build.0 = Release|Any CPU
	EndGlobalSection
EndGlobal
